
Microsoft Visual Studio Solution File, Format Version 12.00
Project("{FAE04EC0-301F-11D3-BF4B-00C04F79EFBC}") = "SonOfRadArrNotifications", "SonOfRadArrNotifications.csproj", "{9414DE1D-6B0C-4BAC-993D-CCB70E5809B8}"
EndProject
Project("{2150E333-8FDC-42A3-9474-1A3956D46DE8}") = "Solution Items", "Solution Items", "{9A1B2D27-3F97-47AA-92A5-57B1A525EE2C}"
	ProjectSection(SolutionItems) = preProject
		compose.yaml = compose.yaml
	EndProjectSection
EndProject
Global
	GlobalSection(SolutionConfigurationPlatforms) = preSolution
		Debug|Any CPU = Debug|Any CPU
		Release|Any CPU = Release|Any CPU
	EndGlobalSection
	GlobalSection(ProjectConfigurationPlatforms) = postSolution
		{9414DE1D-6B0C-4BAC-993D-CCB70E5809B8}.Debug|Any CPU.ActiveCfg = Debug|Any CPU
		{9414DE1D-6B0C-4BAC-993D-CCB70E5809B8}.Debug|Any CPU.Build.0 = Debug|Any CPU
		{9414DE1D-6B0C-4BAC-993D-CCB70E5809B8}.Release|Any CPU.ActiveCfg = Release|Any CPU
		{9414DE1D-6B0C-4BAC-993D-CCB70E5809B8}.Release|Any CPU.Build.0 = Release|Any CPU
	EndGlobalSection
EndGlobal
